// !$*UTF8*$!
{
	archiveVersion = 1;
	classes = {
	};
	objectVersion = 46;
	objects = {

/* Begin PBXBuildFile section */
		31241B2A1AE761DC00B11ACD /* www in Resources */ = {isa = PBXBuildFile; fileRef = 31241B291AE761DC00B11ACD /* www */; };
		31FB8E991AD7A3B000A5C0BB /* AppDelegate.swift in Sources */ = {isa = PBXBuildFile; fileRef = 31FB8E981AD7A3B000A5C0BB /* AppDelegate.swift */; };
		31FB8E9B1AD7A3B000A5C0BB /* ViewController.swift in Sources */ = {isa = PBXBuildFile; fileRef = 31FB8E9A1AD7A3B000A5C0BB /* ViewController.swift */; };
		31FB8E9E1AD7A3B000A5C0BB /* CrossHTML.xcdatamodeld in Sources */ = {isa = PBXBuildFile; fileRef = 31FB8E9C1AD7A3B000A5C0BB /* CrossHTML.xcdatamodeld */; };
		31FB8EA01AD7A3B000A5C0BB /* Images.xcassets in Resources */ = {isa = PBXBuildFile; fileRef = 31FB8E9F1AD7A3B000A5C0BB /* Images.xcassets */; };
		31FB8EA31AD7A3B000A5C0BB /* Main.storyboard in Resources */ = {isa = PBXBuildFile; fileRef = 31FB8EA11AD7A3B000A5C0BB /* Main.storyboard */; };
		31FB8EAF1AD7A3B000A5C0BB /* CrossHTMLTests.swift in Sources */ = {isa = PBXBuildFile; fileRef = 31FB8EAE1AD7A3B000A5C0BB /* CrossHTMLTests.swift */; };
		31FB8EB91AD7A40600A5C0BB /* MainWindowController.swift in Sources */ = {isa = PBXBuildFile; fileRef = 31FB8EB81AD7A40600A5C0BB /* MainWindowController.swift */; };
/* End PBXBuildFile section */

/* Begin PBXContainerItemProxy section */
		31FB8EA91AD7A3B000A5C0BB /* PBXContainerItemProxy */ = {
			isa = PBXContainerItemProxy;
			containerPortal = 31FB8E8B1AD7A3B000A5C0BB /* Project object */;
			proxyType = 1;
			remoteGlobalIDString = 31FB8E921AD7A3B000A5C0BB;
			remoteInfo = CrossHTML;
		};
/* End PBXContainerItemProxy section */

/* Begin PBXFileReference section */
		31241B291AE761DC00B11ACD /* www */ = {isa = PBXFileReference; lastKnownFileType = folder; name = www; path = CrossHTML/www; sourceTree = "<group>"; };
		31FB8E931AD7A3B000A5C0BB /* CrossHTML.app */ = {isa = PBXFileReference; explicitFileType = wrapper.application; includeInIndex = 0; path = CrossHTML.app; sourceTree = BUILT_PRODUCTS_DIR; };
		31FB8E971AD7A3B000A5C0BB /* Info.plist */ = {isa = PBXFileReference; lastKnownFileType = text.plist.xml; path = Info.plist; sourceTree = "<group>"; };
		31FB8E981AD7A3B000A5C0BB /* AppDelegate.swift */ = {isa = PBXFileReference; lastKnownFileType = sourcecode.swift; path = AppDelegate.swift; sourceTree = "<group>"; };
		31FB8E9A1AD7A3B000A5C0BB /* ViewController.swift */ = {isa = PBXFileReference; lastKnownFileType = sourcecode.swift; path = ViewController.swift; sourceTree = "<group>"; };
		31FB8E9D1AD7A3B000A5C0BB /* CrossHTML.xcdatamodel */ = {isa = PBXFileReference; lastKnownFileType = wrapper.xcdatamodel; path = CrossHTML.xcdatamodel; sourceTree = "<group>"; };
		31FB8E9F1AD7A3B000A5C0BB /* Images.xcassets */ = {isa = PBXFileReference; lastKnownFileType = folder.assetcatalog; path = Images.xcassets; sourceTree = "<group>"; };
		31FB8EA21AD7A3B000A5C0BB /* Base */ = {isa = PBXFileReference; lastKnownFileType = file.storyboard; name = Base; path = Base.lproj/Main.storyboard; sourceTree = "<group>"; };
		31FB8EA81AD7A3B000A5C0BB /* CrossHTMLTests.xctest */ = {isa = PBXFileReference; explicitFileType = wrapper.cfbundle; includeInIndex = 0; path = CrossHTMLTests.xctest; sourceTree = BUILT_PRODUCTS_DIR; };
		31FB8EAD1AD7A3B000A5C0BB /* Info.plist */ = {isa = PBXFileReference; lastKnownFileType = text.plist.xml; path = Info.plist; sourceTree = "<group>"; };
		31FB8EAE1AD7A3B000A5C0BB /* CrossHTMLTests.swift */ = {isa = PBXFileReference; lastKnownFileType = sourcecode.swift; path = CrossHTMLTests.swift; sourceTree = "<group>"; };
		31FB8EB81AD7A40600A5C0BB /* MainWindowController.swift */ = {isa = PBXFileReference; fileEncoding = 4; lastKnownFileType = sourcecode.swift; path = MainWindowController.swift; sourceTree = "<group>"; };
/* End PBXFileReference section */

/* Begin PBXFrameworksBuildPhase section */
		31FB8E901AD7A3B000A5C0BB /* Frameworks */ = {
			isa = PBXFrameworksBuildPhase;
			buildActionMask = 2147483647;
			files = (
			);
			runOnlyForDeploymentPostprocessing = 0;
		};
		31FB8EA51AD7A3B000A5C0BB /* Frameworks */ = {
			isa = PBXFrameworksBuildPhase;
			buildActionMask = 2147483647;
			files = (
			);
			runOnlyForDeploymentPostprocessing = 0;
		};
/* End PBXFrameworksBuildPhase section */

/* Begin PBXGroup section */
		31FB8E8A1AD7A3B000A5C0BB = {
			isa = PBXGroup;
			children = (
				31241B291AE761DC00B11ACD /* www */,
				31FB8E951AD7A3B000A5C0BB /* CrossHTML */,
				31FB8EAB1AD7A3B000A5C0BB /* CrossHTMLTests */,
				31FB8E941AD7A3B000A5C0BB /* Products */,
			);
			sourceTree = "<group>";
		};
		31FB8E941AD7A3B000A5C0BB /* Products */ = {
			isa = PBXGroup;
			children = (
				31FB8E931AD7A3B000A5C0BB /* CrossHTML.app */,
				31FB8EA81AD7A3B000A5C0BB /* CrossHTMLTests.xctest */,
			);
			name = Products;
			sourceTree = "<group>";
		};
		31FB8E951AD7A3B000A5C0BB /* CrossHTML */ = {
			isa = PBXGroup;
			children = (
				31FB8E981AD7A3B000A5C0BB /* AppDelegate.swift */,
				31FB8E9A1AD7A3B000A5C0BB /* ViewController.swift */,
				31FB8E9F1AD7A3B000A5C0BB /* Images.xcassets */,
				31FB8EA11AD7A3B000A5C0BB /* Main.storyboard */,
				31FB8E9C1AD7A3B000A5C0BB /* CrossHTML.xcdatamodeld */,
				31FB8E961AD7A3B000A5C0BB /* Supporting Files */,
				31FB8EB81AD7A40600A5C0BB /* MainWindowController.swift */,
			);
			path = CrossHTML;
			sourceTree = "<group>";
		};
		31FB8E961AD7A3B000A5C0BB /* Supporting Files */ = {
			isa = PBXGroup;
			children = (
				31FB8E971AD7A3B000A5C0BB /* Info.plist */,
			);
			name = "Supporting Files";
			sourceTree = "<group>";
		};
		31FB8EAB1AD7A3B000A5C0BB /* CrossHTMLTests */ = {
			isa = PBXGroup;
			children = (
				31FB8EAE1AD7A3B000A5C0BB /* CrossHTMLTests.swift */,
				31FB8EAC1AD7A3B000A5C0BB /* Supporting Files */,
			);
			path = CrossHTMLTests;
			sourceTree = "<group>";
		};
		31FB8EAC1AD7A3B000A5C0BB /* Supporting Files */ = {
			isa = PBXGroup;
			children = (
				31FB8EAD1AD7A3B000A5C0BB /* Info.plist */,
			);
			name = "Supporting Files";
			sourceTree = "<group>";
		};
/* End PBXGroup section */

/* Begin PBXNativeTarget section */
		31FB8E921AD7A3B000A5C0BB /* CrossHTML */ = {
			isa = PBXNativeTarget;
			buildConfigurationList = 31FB8EB21AD7A3B000A5C0BB /* Build configuration list for PBXNativeTarget "CrossHTML" */;
			buildPhases = (
				31FB8E8F1AD7A3B000A5C0BB /* Sources */,
				31FB8E901AD7A3B000A5C0BB /* Frameworks */,
				31FB8E911AD7A3B000A5C0BB /* Resources */,
			);
			buildRules = (
			);
			dependencies = (
			);
			name = CrossHTML;
			productName = CrossHTML;
			productReference = 31FB8E931AD7A3B000A5C0BB /* CrossHTML.app */;
			productType = "com.apple.product-type.application";
		};
		31FB8EA71AD7A3B000A5C0BB /* CrossHTMLTests */ = {
			isa = PBXNativeTarget;
			buildConfigurationList = 31FB8EB51AD7A3B000A5C0BB /* Build configuration list for PBXNativeTarget "CrossHTMLTests" */;
			buildPhases = (
				31FB8EA41AD7A3B000A5C0BB /* Sources */,
				31FB8EA51AD7A3B000A5C0BB /* Frameworks */,
				31FB8EA61AD7A3B000A5C0BB /* Resources */,
			);
			buildRules = (
			);
			dependencies = (
				31FB8EAA1AD7A3B000A5C0BB /* PBXTargetDependency */,
			);
			name = CrossHTMLTests;
			productName = CrossHTMLTests;
			productReference = 31FB8EA81AD7A3B000A5C0BB /* CrossHTMLTests.xctest */;
			productType = "com.apple.product-type.bundle.unit-test";
		};
/* End PBXNativeTarget section */

/* Begin PBXProject section */
		31FB8E8B1AD7A3B000A5C0BB /* Project object */ = {
			isa = PBXProject;
			attributes = {
				LastUpgradeCheck = 0620;
				ORGANIZATIONNAME = plter;
				TargetAttributes = {
					31FB8E921AD7A3B000A5C0BB = {
						CreatedOnToolsVersion = 6.2;
					};
					31FB8EA71AD7A3B000A5C0BB = {
						CreatedOnToolsVersion = 6.2;
						TestTargetID = 31FB8E921AD7A3B000A5C0BB;
					};
				};
			};
			buildConfigurationList = 31FB8E8E1AD7A3B000A5C0BB /* Build configuration list for PBXProject "CrossHTML" */;
			compatibilityVersion = "Xcode 3.2";
			developmentRegion = English;
			hasScannedForEncodings = 0;
			knownRegions = (
				en,
				Base,
			);
			mainGroup = 31FB8E8A1AD7A3B000A5C0BB;
			productRefGroup = 31FB8E941AD7A3B000A5C0BB /* Products */;
			projectDirPath = "";
			projectRoot = "";
			targets = (
				31FB8E921AD7A3B000A5C0BB /* CrossHTML */,
				31FB8EA71AD7A3B000A5C0BB /* CrossHTMLTests */,
			);
		};
/* End PBXProject section */

/* Begin PBXResourcesBuildPhase section */
		31FB8E911AD7A3B000A5C0BB /* Resources */ = {
			isa = PBXResourcesBuildPhase;
			buildActionMask = 2147483647;
			files = (
				31241B2A1AE761DC00B11ACD /* www in Resources */,
				31FB8EA01AD7A3B000A5C0BB /* Images.xcassets in Resources */,
				31FB8EA31AD7A3B000A5C0BB /* Main.storyboard in Resources */,
			);
			runOnlyForDeploymentPostprocessing = 0;
		};
		31FB8EA61AD7A3B000A5C0BB /* Resources */ = {
			isa = PBXResourcesBuildPhase;
			buildActionMask = 2147483647;
			files = (
			);
			runOnlyForDeploymentPostprocessing = 0;
		};
/* End PBXResourcesBuildPhase section */

/* Begin PBXSourcesBuildPhase section */
		31FB8E8F1AD7A3B000A5C0BB /* Sources */ = {
			isa = PBXSourcesBuildPhase;
			buildActionMask = 2147483647;
			files = (
				31FB8E9B1AD7A3B000A5C0BB /* ViewController.swift in Sources */,
				31FB8E991AD7A3B000A5C0BB /* AppDelegate.swift in Sources */,
				31FB8EB91AD7A40600A5C0BB /* MainWindowController.swift in Sources */,
				31FB8E9E1AD7A3B000A5C0BB /* CrossHTML.xcdatamodeld in Sources */,
			);
			runOnlyForDeploymentPostprocessing = 0;
		};
		31FB8EA41AD7A3B000A5C0BB /* Sources */ = {
			isa = PBXSourcesBuildPhase;
			buildActionMask = 2147483647;
			files = (
				31FB8EAF1AD7A3B000A5C0BB /* CrossHTMLTests.swift in Sources */,
			);
			runOnlyForDeploymentPostprocessing = 0;
		};
/* End PBXSourcesBuildPhase section */

/* Begin PBXTargetDependency section */
		31FB8EAA1AD7A3B000A5C0BB /* PBXTargetDependency */ = {
			isa = PBXTargetDependency;
			target = 31FB8E921AD7A3B000A5C0BB /* CrossHTML */;
			targetProxy = 31FB8EA91AD7A3B000A5C0BB /* PBXContainerItemProxy */;
		};
/* End PBXTargetDependency section */

/* Begin PBXVariantGroup section */
		31FB8EA11AD7A3B000A5C0BB /* Main.storyboard */ = {
			isa = PBXVariantGroup;
			children = (
				31FB8EA21AD7A3B000A5C0BB /* Base */,
			);
			name = Main.storyboard;
			sourceTree = "<group>";
		};
/* End PBXVariantGroup section */

/* Begin XCBuildConfiguration section */
		31FB8EB01AD7A3B000A5C0BB /* Debug */ = {
			isa = XCBuildConfiguration;
			buildSettings = {
				ALWAYS_SEARCH_USER_PATHS = NO;
				CLANG_CXX_LANGUAGE_STANDARD = "gnu++0x";
				CLANG_CXX_LIBRARY = "libc++";
				CLANG_ENABLE_MODULES = YES;
				CLANG_ENABLE_OBJC_ARC = YES;
				CLANG_WARN_BOOL_CONVERSION = YES;
				CLANG_WARN_CONSTANT_CONVERSION = YES;
				CLANG_WARN_DIRECT_OBJC_ISA_USAGE = YES_ERROR;
				CLANG_WARN_EMPTY_BODY = YES;
				CLANG_WARN_ENUM_CONVERSION = YES;
				CLANG_WARN_INT_CONVERSION = YES;
				CLANG_WARN_OBJC_ROOT_CLASS = YES_ERROR;
				CLANG_WARN_UNREACHABLE_CODE = YES;
				CLANG_WARN__DUPLICATE_METHOD_MATCH = YES;
				CODE_SIGN_IDENTITY = "-";
				COPY_PHASE_STRIP = NO;
				ENABLE_STRICT_OBJC_MSGSEND = YES;
				GCC_C_LANGUAGE_STANDARD = gnu99;
				GCC_DYNAMIC_NO_PIC = NO;
				GCC_OPTIMIZATION_LEVEL = 0;
				GCC_PREPROCESSOR_DEFINITIONS = (
					"DEBUG=1",
					"$(inherited)",
				);
				GCC_SYMBOLS_PRIVATE_EXTERN = NO;
				GCC_WARN_64_TO_32_BIT_CONVERSION = YES;
				GCC_WARN_ABOUT_RETURN_TYPE = YES_ERROR;
				GCC_WARN_UNDECLARED_SELECTOR = YES;
				GCC_WARN_UNINITIALIZED_AUTOS = YES_AGGRESSIVE;
				GCC_WARN_UNUSED_FUNCTION = YES;
				GCC_WARN_UNUSED_VARIABLE = YES;
				MACOSX_DEPLOYMENT_TARGET = 10.10;
				MTL_ENABLE_DEBUG_INFO = YES;
				ONLY_ACTIVE_ARCH = YES;
				SDKROOT = macosx;
				SWIFT_OPTIMIZATION_LEVEL = "-Onone";
			};
			name = Debug;
		};
		31FB8EB11AD7A3B000A5C0BB /* Release */ = {
			isa = XCBuildConfiguration;
			buildSettings = {
				ALWAYS_SEARCH_USER_PATHS = NO;
				CLANG_CXX_LANGUAGE_STANDARD = "gnu++0x";
				CLANG_CXX_LIBRARY = "libc++";
				CLANG_ENABLE_MODULES = YES;
				CLANG_ENABLE_OBJC_ARC = YES;
				CLANG_WARN_BOOL_CONVERSION = YES;
				CLANG_WARN_CONSTANT_CONVERSION = YES;
				CLANG_WARN_DIRECT_OBJC_ISA_USAGE = YES_ERROR;
				CLANG_WARN_EMPTY_BODY = YES;
				CLANG_WARN_ENUM_CONVERSION = YES;
				CLANG_WARN_INT_CONVERSION = YES;
				CLANG_WARN_OBJC_ROOT_CLASS = YES_ERROR;
				CLANG_WARN_UNREACHABLE_CODE = YES;
				CLANG_WARN__DUPLICATE_METHOD_MATCH = YES;
				CODE_SIGN_IDENTITY = "-";
				COPY_PHASE_STRIP = NO;
				DEBUG_INFORMATION_FORMAT = "dwarf-with-dsym";
				ENABLE_NS_ASSERTIONS = NO;
				ENABLE_STRICT_OBJC_MSGSEND = YES;
				GCC_C_LANGUAGE_STANDARD = gnu99;
				GCC_WARN_64_TO_32_BIT_CONVERSION = YES;
				GCC_WARN_ABOUT_RETURN_TYPE = YES_ERROR;
				GCC_WARN_UNDECLARED_SELECTOR = YES;
				GCC_WARN_UNINITIALIZED_AUTOS = YES_AGGRESSIVE;
				GCC_WARN_UNUSED_FUNCTION = YES;
				GCC_WARN_UNUSED_VARIABLE = YES;
				MACOSX_DEPLOYMENT_TARGET = 10.10;
				MTL_ENABLE_DEBUG_INFO = NO;
				SDKROOT = macosx;
			};
			name = Release;
		};
		31FB8EB31AD7A3B000A5C0BB /* Debug */ = {
			isa = XCBuildConfiguration;
			buildSettings = {
				ASSETCATALOG_COMPILER_APPICON_NAME = AppIcon;
				COMBINE_HIDPI_IMAGES = YES;
				INFOPLIST_FILE = CrossHTML/Info.plist;
				LD_RUNPATH_SEARCH_PATHS = "$(inherited) @executable_path/../Frameworks";
				PRODUCT_NAME = "$(TARGET_NAME)";
			};
			name = Debug;
		};
		31FB8EB41AD7A3B000A5C0BB /* Release */ = {
			isa = XCBuildConfiguration;
			buildSettings = {
				ASSETCATALOG_COMPILER_APPICON_NAME = AppIcon;
				COMBINE_HIDPI_IMAGES = YES;
				INFOPLIST_FILE = CrossHTML/Info.plist;
				LD_RUNPATH_SEARCH_PATHS = "$(inherited) @executable_path/../Frameworks";
				PRODUCT_NAME = "$(TARGET_NAME)";
			};
			name = Release;
		};
		31FB8EB61AD7A3B000A5C0BB /* Debug */ = {
			isa = XCBuildConfiguration;
			buildSettings = {
				BUNDLE_LOADER = "$(TEST_HOST)";
				COMBINE_HIDPI_IMAGES = YES;
				FRAMEWORK_SEARCH_PATHS = (
					"$(DEVELOPER_FRAMEWORKS_DIR)",
					"$(inherited)",
				);
				GCC_PREPROCESSOR_DEFINITIONS = (
					"DEBUG=1",
					"$(inherited)",
				);
				INFOPLIST_FILE = CrossHTMLTests/Info.plist;
				LD_RUNPATH_SEARCH_PATHS = "$(inherited) @executable_path/../Frameworks @loader_path/../Frameworks";
				PRODUCT_NAME = "$(TARGET_NAME)";
				TEST_HOST = "$(BUILT_PRODUCTS_DIR)/CrossHTML.app/Contents/MacOS/CrossHTML";
			};
			name = Debug;
		};
		31FB8EB71AD7A3B000A5C0BB /* Release */ = {
			isa = XCBuildConfiguration;
			buildSettings = {
				BUNDLE_LOADER = "$(TEST_HOST)";
				COMBINE_HIDPI_IMAGES = YES;
				FRAMEWORK_SEARCH_PATHS = (
					"$(DEVELOPER_FRAMEWORKS_DIR)",
					"$(inherited)",
				);
				INFOPLIST_FILE = CrossHTMLTests/Info.plist;
				LD_RUNPATH_SEARCH_PATHS = "$(inherited) @executable_path/../Frameworks @loader_path/../Frameworks";
				PRODUCT_NAME = "$(TARGET_NAME)";
				TEST_HOST = "$(BUILT_PRODUCTS_DIR)/CrossHTML.app/Contents/MacOS/CrossHTML";
			};
			name = Release;
		};
/* End XCBuildConfiguration section */

/* Begin XCConfigurationList section */
		31FB8E8E1AD7A3B000A5C0BB /* Build configuration list for PBXProject "CrossHTML" */ = {
			isa = XCConfigurationList;
			buildConfigurations = (
				31FB8EB01AD7A3B000A5C0BB /* Debug */,
				31FB8EB11AD7A3B000A5C0BB /* Release */,
			);
			defaultConfigurationIsVisible = 0;
			defaultConfigurationName = Release;
		};
		31FB8EB21AD7A3B000A5C0BB /* Build configuration list for PBXNativeTarget "CrossHTML" */ = {
			isa = XCConfigurationList;
			buildConfigurations = (
				31FB8EB31AD7A3B000A5C0BB /* Debug */,
				31FB8EB41AD7A3B000A5C0BB /* Release */,
			);
			defaultConfigurationIsVisible = 0;
			defaultConfigurationName = Release;
		};
		31FB8EB51AD7A3B000A5C0BB /* Build configuration list for PBXNativeTarget "CrossHTMLTests" */ = {
			isa = XCConfigurationList;
			buildConfigurations = (
				31FB8EB61AD7A3B000A5C0BB /* Debug */,
				31FB8EB71AD7A3B000A5C0BB /* Release */,
			);
			defaultConfigurationIsVisible = 0;
			defaultConfigurationName = Release;
		};
/* End XCConfigurationList section */

/* Begin XCVersionGroup section */
		31FB8E9C1AD7A3B000A5C0BB /* CrossHTML.xcdatamodeld */ = {
			isa = XCVersionGroup;
			children = (
				31FB8E9D1AD7A3B000A5C0BB /* CrossHTML.xcdatamodel */,
			);
			currentVersion = 31FB8E9D1AD7A3B000A5C0BB /* CrossHTML.xcdatamodel */;
			path = CrossHTML.xcdatamodeld;
			sourceTree = "<group>";
			versionGroupType = wrapper.xcdatamodel;
		};
/* End XCVersionGroup section */
	};
	rootObject = 31FB8E8B1AD7A3B000A5C0BB /* Project object */;
}
